version = 1
revision = 3
requires-python = "==3.10.*"
resolution-markers = [
    "platform_machine == 'x86_64' and sys_platform == 'darwin'",
    "platform_machine == 'arm64' and sys_platform == 'darwin'",
    "platform_machine == 'x86_64' and sys_platform == 'linux'",
    "platform_machine == 'AMD64' and sys_platform == 'win32'",
    "(platform_machine != 'arm64' and platform_machine != 'x86_64' and sys_platform == 'darwin') or (platform_machine != 'x86_64' and sys_platform == 'linux') or (platform_machine != 'AMD64' and sys_platform == 'win32') or (sys_platform != 'darwin' and sys_platform != 'linux' and sys_platform != 'win32')",
]

[[package]]
name = "bpy"
version = "3.6.0"
source = { registry = "https://download.blender.org/pypi/" }
dependencies = [
    { name = "cython", marker = "(platform_machine == 'arm64' and sys_platform == 'darwin') or (platform_machine == 'x86_64' and sys_platform == 'darwin') or (platform_machine == 'x86_64' and sys_platform == 'linux') or (platform_machine == 'AMD64' and sys_platform == 'win32')" },
    { name = "numpy", marker = "(platform_machine == 'arm64' and sys_platform == 'darwin') or (platform_machine == 'x86_64' and sys_platform == 'darwin') or (platform_machine == 'x86_64' and sys_platform == 'linux') or (platform_machine == 'AMD64' and sys_platform == 'win32')" },
    { name = "requests", marker = "(platform_machine == 'arm64' and sys_platform == 'darwin') or (platform_machine == 'x86_64' and sys_platform == 'darwin') or (platform_machine == 'x86_64' and sys_platform == 'linux') or (platform_machine == 'AMD64' and sys_platform == 'win32')" },
    { name = "zstandard", marker = "(platform_machine == 'arm64' and sys_platform == 'darwin') or (platform_machine == 'x86_64' and sys_platform == 'darwin') or (platform_machine == 'x86_64' and sys_platform == 'linux') or (platform_machine == 'AMD64' and sys_platform == 'win32')" },
]
wheels = [
    { url = "https://download.blender.org/pypi/bpy/bpy-3.6.0-cp310-cp310-macosx_10_15_x86_64.whl" },
    { url = "https://download.blender.org/pypi/bpy/bpy-3.6.0-cp310-cp310-macosx_11_0_arm64.whl" },
    { url = "https://download.blender.org/pypi/bpy/bpy-3.6.0-cp310-cp310-manylinux_2_28_x86_64.whl" },
    { url = "https://download.blender.org/pypi/bpy/bpy-3.6.0-cp310-cp310-win_amd64.whl" },
]

[[package]]
name = "certifi"
version = "2025.11.12"
source = { registry = "https://pypi.org/simple" }
sdist = { url = "https://files.pythonhosted.org/packages/a2/8c/58f469717fa48465e4a50c014a0400602d3c437d7c0c468e17ada824da3a/certifi-2025.11.12.tar.gz", hash = "sha256:d8ab5478f2ecd78af242878415affce761ca6bc54a22a27e026d7c25357c3316", size = 160538, upload-time = "2025-11-12T02:54:51.517Z" }
wheels = [
    { url = "https://files.pythonhosted.org/packages/70/7d/9bc192684cea499815ff478dfcdc13835ddf401365057044fb721ec6bddb/certifi-2025.11.12-py3-none-any.whl", hash = "sha256:97de8790030bbd5c2d96b7ec782fc2f7820ef8dba6db909ccf95449f2d062d4b", size = 159438, upload-time = "2025-11-12T02:54:49.735Z" },
]

[[package]]
name = "charset-normalizer"
version = "3.4.4"
source = { registry = "https://pypi.org/simple" }
sdist = { url = "https://files.pythonhosted.org/packages/13/69/33ddede1939fdd074bce5434295f38fae7136463422fe4fd3e0e89b98062/charset_normalizer-3.4.4.tar.gz", hash = "sha256:94537985111c35f28720e43603b8e7b43a6ecfb2ce1d3058bbe955b73404e21a", size = 129418, upload-time = "2025-10-14T04:42:32.879Z" }
wheels = [
    { url = "https://files.pythonhosted.org/packages/1f/b8/6d51fc1d52cbd52cd4ccedd5b5b2f0f6a11bbf6765c782298b0f3e808541/charset_normalizer-3.4.4-cp310-cp310-macosx_10_9_universal2.whl", hash = "sha256:e824f1492727fa856dd6eda4f7cee25f8518a12f3c4a56a74e8095695089cf6d", size = 209709, upload-time = "2025-10-14T04:40:11.385Z" },
    { url = "https://files.pythonhosted.org/packages/79/3d/f2e3ac2bbc056ca0c204298ea4e3d9db9b4afe437812638759db2c976b5f/charset_normalizer-3.4.4-cp310-cp310-manylinux2014_armv7l.manylinux_2_17_armv7l.manylinux_2_31_armv7l.whl", hash = "sha256:027f6de494925c0ab2a55eab46ae5129951638a49a34d87f4c3eda90f696b4ad", size = 144467, upload-time = "2025-10-14T04:40:14.728Z" },
    { url = "https://files.pythonhosted.org/packages/ec/85/1bf997003815e60d57de7bd972c57dc6950446a3e4ccac43bc3070721856/charset_normalizer-3.4.4-cp310-cp310-manylinux2014_ppc64le.manylinux_2_17_ppc64le.manylinux_2_28_ppc64le.whl", hash = "sha256:f820802628d2694cb7e56db99213f930856014862f3fd943d290ea8438d07ca8", size = 162280, upload-time = "2025-10-14T04:40:16.14Z" },
    { url = "https://files.pythonhosted.org/packages/3e/8e/6aa1952f56b192f54921c436b87f2aaf7c7a7c3d0d1a765547d64fd83c13/charset_normalizer-3.4.4-cp310-cp310-manylinux2014_s390x.manylinux_2_17_s390x.manylinux_2_28_s390x.whl", hash = "sha256:798d75d81754988d2565bff1b97ba5a44411867c0cf32b77a7e8f8d84796b10d", size = 159454, upload-time = "2025-10-14T04:40:17.567Z" },
    { url = "https://files.pythonhosted.org/packages/36/3b/60cbd1f8e93aa25d1c669c649b7a655b0b5fb4c571858910ea9332678558/charset_normalizer-3.4.4-cp310-cp310-manylinux2014_x86_64.manylinux_2_17_x86_64.manylinux_2_28_x86_64.whl", hash = "sha256:9d1bb833febdff5c8927f922386db610b49db6e0d4f4ee29601d71e7c2694313", size = 153609, upload-time = "2025-10-14T04:40:19.08Z" },
    { url = "https://files.pythonhosted.org/packages/64/91/6a13396948b8fd3c4b4fd5bc74d045f5637d78c9675585e8e9fbe5636554/charset_normalizer-3.4.4-cp310-cp310-manylinux_2_31_riscv64.manylinux_2_39_riscv64.whl", hash = "sha256:9cd98cdc06614a2f768d2b7286d66805f94c48cde050acdbbb7db2600ab3197e", size = 151849, upload-time = "2025-10-14T04:40:20.607Z" },
    { url = "https://files.pythonhosted.org/packages/92/59/f64ef6a1c4bdd2baf892b04cd78792ed8684fbc48d4c2afe467d96b4df57/charset_normalizer-3.4.4-cp310-cp310-musllinux_1_2_armv7l.whl", hash = "sha256:244bfb999c71b35de57821b8ea746b24e863398194a4014e4c76adc2bbdfeff0", size = 145290, upload-time = "2025-10-14T04:40:23.069Z" },
    { url = "https://files.pythonhosted.org/packages/6b/63/3bf9f279ddfa641ffa1962b0db6a57a9c294361cc2f5fcac997049a00e9c/charset_normalizer-3.4.4-cp310-cp310-musllinux_1_2_ppc64le.whl", hash = "sha256:64b55f9dce520635f018f907ff1b0df1fdc31f2795a922fb49dd14fbcdf48c84", size = 163663, upload-time = "2025-10-14T04:40:24.17Z" },
    { url = "https://files.pythonhosted.org/packages/ed/09/c9e38fc8fa9e0849b172b581fd9803bdf6e694041127933934184e19f8c3/charset_normalizer-3.4.4-cp310-cp310-musllinux_1_2_riscv64.whl", hash = "sha256:faa3a41b2b66b6e50f84ae4a68c64fcd0c44355741c6374813a800cd6695db9e", size = 151964, upload-time = "2025-10-14T04:40:25.368Z" },
    { url = "https://files.pythonhosted.org/packages/d2/d1/d28b747e512d0da79d8b6a1ac18b7ab2ecfd81b2944c4c710e166d8dd09c/charset_normalizer-3.4.4-cp310-cp310-musllinux_1_2_s390x.whl", hash = "sha256:6515f3182dbe4ea06ced2d9e8666d97b46ef4c75e326b79bb624110f122551db", size = 161064, upload-time = "2025-10-14T04:40:26.806Z" },
    { url = "https://files.pythonhosted.org/packages/bb/9a/31d62b611d901c3b9e5500c36aab0ff5eb442043fb3a1c254200d3d397d9/charset_normalizer-3.4.4-cp310-cp310-musllinux_1_2_x86_64.whl", hash = "sha256:cc00f04ed596e9dc0da42ed17ac5e596c6ccba999ba6bd92b0e0aef2f170f2d6", size = 155015, upload-time = "2025-10-14T04:40:28.284Z" },
    { url = "https://files.pythonhosted.org/packages/eb/66/e396e8a408843337d7315bab30dbf106c38966f1819f123257f5520f8a96/charset_normalizer-3.4.4-cp310-cp310-win_amd64.whl", hash = "sha256:a61900df84c667873b292c3de315a786dd8dac506704dea57bc957bd31e22c7d", size = 107198, upload-time = "2025-10-14T04:40:30.644Z" },
    { url = "https://files.pythonhosted.org/packages/0a/4c/925909008ed5a988ccbb72dcc897407e5d6d3bd72410d69e051fc0c14647/charset_normalizer-3.4.4-py3-none-any.whl", hash = "sha256:7a32c560861a02ff789ad905a2fe94e3f840803362c84fecf1851cb4cf3dc37f", size = 53402, upload-time = "2025-10-14T04:42:31.76Z" },
]

[[package]]
name = "codespell"
version = "2.4.1"
source = { registry = "https://pypi.org/simple" }
sdist = { url = "https://files.pythonhosted.org/packages/15/e0/709453393c0ea77d007d907dd436b3ee262e28b30995ea1aa36c6ffbccaf/codespell-2.4.1.tar.gz", hash = "sha256:299fcdcb09d23e81e35a671bbe746d5ad7e8385972e65dbb833a2eaac33c01e5", size = 344740, upload-time = "2025-01-28T18:52:39.411Z" }
wheels = [
    { url = "https://files.pythonhosted.org/packages/20/01/b394922252051e97aab231d416c86da3d8a6d781eeadcdca1082867de64e/codespell-2.4.1-py3-none-any.whl", hash = "sha256:3dadafa67df7e4a3dbf51e0d7315061b80d265f9552ebd699b3dd6834b47e425", size = 344501, upload-time = "2025-01-28T18:52:37.057Z" },
]

[[package]]
name = "cython"
version = "3.2.2"
source = { registry = "https://pypi.org/simple" }
sdist = { url = "https://files.pythonhosted.org/packages/29/17/55fc687ba986f2210298fa2f60fec265fa3004c3f9a1e958ea1fe2d4e061/cython-3.2.2.tar.gz", hash = "sha256:c3add3d483acc73129a61d105389344d792c17e7c1cee24863f16416bd071634", size = 3275797, upload-time = "2025-11-30T12:48:20.942Z" }
wheels = [
    { url = "https://files.pythonhosted.org/packages/39/1f/98673761cc20b05376e559fbcc201268d5ee9b0234bcf582ca547f1088ed/cython-3.2.2-cp310-cp310-macosx_11_0_arm64.whl", hash = "sha256:b5afac4e77e71a9010dc7fd3191ced00f9b12b494dd7525c140781054ce63a73", size = 2958838, upload-time = "2025-11-30T12:48:30.259Z" },
    { url = "https://files.pythonhosted.org/packages/2c/58/5cdb26758b5c76e47388da0f9a6930e1a58639bf69f4827e91e77308092b/cython-3.2.2-cp310-cp310-manylinux2014_x86_64.manylinux_2_17_x86_64.manylinux_2_28_x86_64.whl", hash = "sha256:8c9265b3e84ae2d999b7c3165c683e366bbbbbe4346468055ca2366fe013f2df", size = 3536550, upload-time = "2025-11-30T12:48:35.714Z" },
    { url = "https://files.pythonhosted.org/packages/32/5e/2e5ff6a51c47adb2b755ca9a1d9fa0aef3b408cb1a0274a3d0cbeec301b5/cython-3.2.2-cp310-cp310-win_amd64.whl", hash = "sha256:d7b3447b2005dffc5f276d420a480d2b57d15091242652d410b6a46fb00ed251", size = 2765189, upload-time = "2025-11-30T12:48:37.58Z" },
    { url = "https://files.pythonhosted.org/packages/f4/69/5430879d35235ec3d5ffd778862173b6419390509ae4e37a72bdd45d9e86/cython-3.2.2-cp39-abi3-macosx_10_9_x86_64.whl", hash = "sha256:a6387e3ad31342443916db9a419509935fddd8d4cbac34aab9c895ae55326a56", size = 2874031, upload-time = "2025-11-30T12:49:18.34Z" },
    { url = "https://files.pythonhosted.org/packages/d1/d4/063c34a34d9ef54836a5dafb100b8f4fdbdaa63942913fe93f9eb93a11a2/cython-3.2.2-cp39-abi3-manylinux2014_armv7l.manylinux_2_17_armv7l.manylinux_2_31_armv7l.whl", hash = "sha256:f560ff3aea5b5df93853ec7bf1a1e9623d6d511f4192f197559aca18fca43392", size = 2855611, upload-time = "2025-11-30T12:49:22.303Z" },
    { url = "https://files.pythonhosted.org/packages/90/6f/741186935c52de99acf4d7fad5c3dcf28d980b4c95d171d9618f9c399316/cython-3.2.2-cp39-abi3-musllinux_1_2_armv7l.whl", hash = "sha256:b4fe499eed7cd70b2aa4e096b9ce2588f5e6fdf049b46d40a5e55efcde6e4904", size = 2890389, upload-time = "2025-11-30T12:49:25.783Z" },
    { url = "https://files.pythonhosted.org/packages/15/b9/d9a103feb74d04579c6bde7b0cad6d5f45c002d843ca70788a5758707b68/cython-3.2.2-cp39-abi3-musllinux_1_2_x86_64.whl", hash = "sha256:820c4a99dbf6b3e6c0300be42b4040b501eff0e1feeb80cfa52c48a346fb0df2", size = 3114308, upload-time = "2025-11-30T12:49:29.292Z" },
    { url = "https://files.pythonhosted.org/packages/76/f2/98fd8d0b514622a789fd2824b59bd6041b799aaeeba14a8d92d52f6654dd/cython-3.2.2-py3-none-any.whl", hash = "sha256:13b99ecb9482aff6a6c12d1ca6feef6940c507af909914b49f568de74fa965fb", size = 1255106, upload-time = "2025-11-30T12:48:18.454Z" },
]

[[package]]
name = "idna"
version = "3.11"
source = { registry = "https://pypi.org/simple" }
sdist = { url = "https://files.pythonhosted.org/packages/6f/6d/0703ccc57f3a7233505399edb88de3cbd678da106337b9fcde432b65ed60/idna-3.11.tar.gz", hash = "sha256:795dafcc9c04ed0c1fb032c2aa73654d8e8c5023a7df64a53f39190ada629902", size = 194582, upload-time = "2025-10-12T14:55:20.501Z" }
wheels = [
    { url = "https://files.pythonhosted.org/packages/0e/61/66938bbb5fc52dbdf84594873d5b51fb1f7c7794e9c0f5bd885f30bc507b/idna-3.11-py3-none-any.whl", hash = "sha256:771a87f49d9defaf64091e6e6fe9c18d4833f140bd19464795bc32d966ca37ea", size = 71008, upload-time = "2025-10-12T14:55:18.883Z" },
]

[[package]]
name = "librt"
version = "0.7.0"
source = { registry = "https://pypi.org/simple" }
sdist = { url = "https://files.pythonhosted.org/packages/3c/c1/75805ae4a8222682ef085c6346e6552c54e36612a79ee62b39f638893e81/librt-0.7.0.tar.gz", hash = "sha256:ec5235ce0f0ab7f3006c5ea9b673d2168030911b7d3a73f751a809e12c5ae54f", size = 68713, upload-time = "2025-12-05T21:16:51.317Z" }
wheels = [
    { url = "https://files.pythonhosted.org/packages/e8/c8/13a90a28e62d75759e366bbe9012095db51793e8727ef73865944278ebe8/librt-0.7.0-cp310-cp310-macosx_10_9_x86_64.whl", hash = "sha256:f5771fd63fe30dfbc94ac08eb6f590fb74964d90aba14c06ac94ed40cbff9f99", size = 54705, upload-time = "2025-12-05T21:15:19.386Z" },
    { url = "https://files.pythonhosted.org/packages/64/e8/230ba4bf2485d04accb792287c2a65a3ca2acfa6e733ea1f90a0b3e72934/librt-0.7.0-cp310-cp310-macosx_11_0_arm64.whl", hash = "sha256:388f794cd52ed4692ec0e3b00a07a502ef879bac90fa21f6e0035422c7b117c8", size = 56662, upload-time = "2025-12-05T21:15:20.821Z" },
    { url = "https://files.pythonhosted.org/packages/e8/74/00de5cb27c2c6694cd492b66c98ba4d6dce4edab5e56475ac43490245f17/librt-0.7.0-cp310-cp310-manylinux1_i686.manylinux_2_28_i686.manylinux_2_5_i686.whl", hash = "sha256:f312a192534cf162306a9f00f6d5d6f432f9f8d07f9f726111de477cec8d3ddf", size = 161045, upload-time = "2025-12-05T21:15:22.128Z" },
    { url = "https://files.pythonhosted.org/packages/ae/c5/2cc370d531ec57dc9ed4a1caea41cf8813e6d0f53aba753076a38f015cae/librt-0.7.0-cp310-cp310-manylinux2014_aarch64.manylinux_2_17_aarch64.manylinux_2_28_aarch64.whl", hash = "sha256:37c9133c69adcf6229e3aecea56d1c77a79dd00f5d65e7f28c500590b4edcf4b", size = 169534, upload-time = "2025-12-05T21:15:23.681Z" },
    { url = "https://files.pythonhosted.org/packages/37/54/5dea5cdbed974a1ce5631d49609e6b778f6fc1fcee1b99ec3266c48bc339/librt-0.7.0-cp310-cp310-manylinux2014_x86_64.manylinux_2_17_x86_64.manylinux_2_28_x86_64.whl", hash = "sha256:211a312a9ab2226ecdb509087bc6a0d0f9d8550565a0d1b848576b9119c69cda", size = 183277, upload-time = "2025-12-05T21:15:25.11Z" },
    { url = "https://files.pythonhosted.org/packages/c3/92/01e7b09637d4e1a739dd5841983e3f987db8dfe98f080eb4d88495348629/librt-0.7.0-cp310-cp310-musllinux_1_2_aarch64.whl", hash = "sha256:1e3f975f62352ee20a0b1071532bf91e77097a541ab6f68e8cdfc56e708bed11", size = 179048, upload-time = "2025-12-05T21:15:26.682Z" },
    { url = "https://files.pythonhosted.org/packages/fb/38/60bcb51ee371bbf8adb12df8ecc97dd9c22b5cbcfd1a59499b53ba5e1a2d/librt-0.7.0-cp310-cp310-musllinux_1_2_i686.whl", hash = "sha256:99d86939d3f5be4734ff3d87923002b816e047fbe35eca731ada5ec1871afc01", size = 173519, upload-time = "2025-12-05T21:15:28.021Z" },
    { url = "https://files.pythonhosted.org/packages/0f/60/6ef0ca043bb08b71c6056a0e9b645afd463ac545f006de36ba7f47509a81/librt-0.7.0-cp310-cp310-musllinux_1_2_x86_64.whl", hash = "sha256:d7884f93a210e465c793023185672816d0e94a748fd8728fb7f5cb4a7e457da7", size = 193591, upload-time = "2025-12-05T21:15:29.067Z" },
    { url = "https://files.pythonhosted.org/packages/28/53/9479d1b069be5fb76d8bb0c7626e775808cd07579f947f6b277ea67ae517/librt-0.7.0-cp310-cp310-win32.whl", hash = "sha256:2c23b7ab197ee9ed29cd0b61ac1e24e4483f24612f4626833877e19b28f95935", size = 47204, upload-time = "2025-12-05T21:15:30.469Z" },
    { url = "https://files.pythonhosted.org/packages/0a/5e/ba6eb6c04b2f21a14e4ea42f713a9363b9177c452f17bf6c4e6c7ec280ed/librt-0.7.0-cp310-cp310-win_amd64.whl", hash = "sha256:f8054546544f70cd27cb5e0a73c8de271c9dcc664741399acd584134310e312a", size = 54372, upload-time = "2025-12-05T21:15:31.48Z" },
]

[[package]]
name = "mypy"
version = "1.19.0"
source = { registry = "https://pypi.org/simple" }
dependencies = [
    { name = "librt" },
    { name = "mypy-extensions" },
    { name = "pathspec" },
    { name = "tomli" },
    { name = "typing-extensions" },
]
sdist = { url = "https://files.pythonhosted.org/packages/f9/b5/b58cdc25fadd424552804bf410855d52324183112aa004f0732c5f6324cf/mypy-1.19.0.tar.gz", hash = "sha256:f6b874ca77f733222641e5c46e4711648c4037ea13646fd0cdc814c2eaec2528", size = 3579025, upload-time = "2025-11-28T15:49:01.26Z" }
wheels = [
    { url = "https://files.pythonhosted.org/packages/98/8f/55fb488c2b7dabd76e3f30c10f7ab0f6190c1fcbc3e97b1e588ec625bbe2/mypy-1.19.0-cp310-cp310-macosx_10_9_x86_64.whl", hash = "sha256:6148ede033982a8c5ca1143de34c71836a09f105068aaa8b7d5edab2b053e6c8", size = 13093239, upload-time = "2025-11-28T15:45:11.342Z" },
    { url = "https://files.pythonhosted.org/packages/72/1b/278beea978456c56b3262266274f335c3ba5ff2c8108b3b31bec1ffa4c1d/mypy-1.19.0-cp310-cp310-macosx_11_0_arm64.whl", hash = "sha256:a9ac09e52bb0f7fb912f5d2a783345c72441a08ef56ce3e17c1752af36340a39", size = 12156128, upload-time = "2025-11-28T15:46:02.566Z" },
    { url = "https://files.pythonhosted.org/packages/21/f8/e06f951902e136ff74fd7a4dc4ef9d884faeb2f8eb9c49461235714f079f/mypy-1.19.0-cp310-cp310-manylinux2014_aarch64.manylinux_2_17_aarch64.manylinux_2_28_aarch64.whl", hash = "sha256:11f7254c15ab3f8ed68f8e8f5cbe88757848df793e31c36aaa4d4f9783fd08ab", size = 12753508, upload-time = "2025-11-28T15:44:47.538Z" },
    { url = "https://files.pythonhosted.org/packages/67/5a/d035c534ad86e09cee274d53cf0fd769c0b29ca6ed5b32e205be3c06878c/mypy-1.19.0-cp310-cp310-manylinux2014_x86_64.manylinux_2_17_x86_64.manylinux_2_28_x86_64.whl", hash = "sha256:318ba74f75899b0e78b847d8c50821e4c9637c79d9a59680fc1259f29338cb3e", size = 13507553, upload-time = "2025-11-28T15:44:39.26Z" },
    { url = "https://files.pythonhosted.org/packages/6a/17/c4a5498e00071ef29e483a01558b285d086825b61cf1fb2629fbdd019d94/mypy-1.19.0-cp310-cp310-musllinux_1_2_x86_64.whl", hash = "sha256:cf7d84f497f78b682edd407f14a7b6e1a2212b433eedb054e2081380b7395aa3", size = 13792898, upload-time = "2025-11-28T15:44:31.102Z" },
    { url = "https://files.pythonhosted.org/packages/67/f6/bb542422b3ee4399ae1cdc463300d2d91515ab834c6233f2fd1d52fa21e0/mypy-1.19.0-cp310-cp310-win_amd64.whl", hash = "sha256:c3385246593ac2b97f155a0e9639be906e73534630f663747c71908dfbf26134", size = 10048835, upload-time = "2025-11-28T15:48:15.744Z" },
    { url = "https://files.pythonhosted.org/packages/09/0e/fe228ed5aeab470c6f4eb82481837fadb642a5aa95cc8215fd2214822c10/mypy-1.19.0-py3-none-any.whl", hash = "sha256:0c01c99d626380752e527d5ce8e69ffbba2046eb8a060db0329690849cf9b6f9", size = 2469714, upload-time = "2025-11-28T15:45:33.22Z" },
]

[[package]]
name = "mypy-extensions"
version = "1.1.0"
source = { registry = "https://pypi.org/simple" }
sdist = { url = "https://files.pythonhosted.org/packages/a2/6e/371856a3fb9d31ca8dac321cda606860fa4548858c0cc45d9d1d4ca2628b/mypy_extensions-1.1.0.tar.gz", hash = "sha256:52e68efc3284861e772bbcd66823fde5ae21fd2fdb51c62a211403730b916558", size = 6343, upload-time = "2025-04-22T14:54:24.164Z" }
wheels = [
    { url = "https://files.pythonhosted.org/packages/79/7b/2c79738432f5c924bef5071f933bcc9efd0473bac3b4aa584a6f7c1c8df8/mypy_extensions-1.1.0-py3-none-any.whl", hash = "sha256:1be4cccdb0f2482337c4743e60421de3a356cd97508abadd57d47403e94f5505", size = 4963, upload-time = "2025-04-22T14:54:22.983Z" },
]

[[package]]
name = "numpy"
version = "2.2.6"
source = { registry = "https://pypi.org/simple" }
sdist = { url = "https://files.pythonhosted.org/packages/76/21/7d2a95e4bba9dc13d043ee156a356c0a8f0c6309dff6b21b4d71a073b8a8/numpy-2.2.6.tar.gz", hash = "sha256:e29554e2bef54a90aa5cc07da6ce955accb83f21ab5de01a62c8478897b264fd", size = 20276440, upload-time = "2025-05-17T22:38:04.611Z" }
wheels = [
    { url = "https://files.pythonhosted.org/packages/9a/3e/ed6db5be21ce87955c0cbd3009f2803f59fa08df21b5df06862e2d8e2bdd/numpy-2.2.6-cp310-cp310-macosx_10_9_x86_64.whl", hash = "sha256:b412caa66f72040e6d268491a59f2c43bf03eb6c96dd8f0307829feb7fa2b6fb", size = 21165245, upload-time = "2025-05-17T21:27:58.555Z" },
    { url = "https://files.pythonhosted.org/packages/22/c2/4b9221495b2a132cc9d2eb862e21d42a009f5a60e45fc44b00118c174bff/numpy-2.2.6-cp310-cp310-macosx_11_0_arm64.whl", hash = "sha256:8e41fd67c52b86603a91c1a505ebaef50b3314de0213461c7a6e99c9a3beff90", size = 14360048, upload-time = "2025-05-17T21:28:21.406Z" },
    { url = "https://files.pythonhosted.org/packages/fd/77/dc2fcfc66943c6410e2bf598062f5959372735ffda175b39906d54f02349/numpy-2.2.6-cp310-cp310-macosx_14_0_arm64.whl", hash = "sha256:37e990a01ae6ec7fe7fa1c26c55ecb672dd98b19c3d0e1d1f326fa13cb38d163", size = 5340542, upload-time = "2025-05-17T21:28:30.931Z" },
    { url = "https://files.pythonhosted.org/packages/7a/4f/1cb5fdc353a5f5cc7feb692db9b8ec2c3d6405453f982435efc52561df58/numpy-2.2.6-cp310-cp310-macosx_14_0_x86_64.whl", hash = "sha256:5a6429d4be8ca66d889b7cf70f536a397dc45ba6faeb5f8c5427935d9592e9cf", size = 6878301, upload-time = "2025-05-17T21:28:41.613Z" },
    { url = "https://files.pythonhosted.org/packages/b4/63/3de6a34ad7ad6646ac7d2f55ebc6ad439dbbf9c4370017c50cf403fb19b5/numpy-2.2.6-cp310-cp310-manylinux_2_17_x86_64.manylinux2014_x86_64.whl", hash = "sha256:fc7b73d02efb0e18c000e9ad8b83480dfcd5dfd11065997ed4c6747470ae8915", size = 16801050, upload-time = "2025-05-17T21:29:27.675Z" },
    { url = "https://files.pythonhosted.org/packages/01/c8/dc6ae86e3c61cfec1f178e5c9f7858584049b6093f843bca541f94120920/numpy-2.2.6-cp310-cp310-musllinux_1_2_x86_64.whl", hash = "sha256:8fc377d995680230e83241d8a96def29f204b5782f371c532579b4f20607a289", size = 18614185, upload-time = "2025-05-17T21:30:18.703Z" },
    { url = "https://files.pythonhosted.org/packages/a3/dd/4b822569d6b96c39d1215dbae0582fd99954dcbcf0c1a13c61783feaca3f/numpy-2.2.6-cp310-cp310-win_amd64.whl", hash = "sha256:f0fd6321b839904e15c46e0d257fdd101dd7f530fe03fd6359c1ea63738703f3", size = 12904620, upload-time = "2025-05-17T21:30:48.994Z" },
    { url = "https://files.pythonhosted.org/packages/9e/3b/d94a75f4dbf1ef5d321523ecac21ef23a3cd2ac8b78ae2aac40873590229/numpy-2.2.6-pp310-pypy310_pp73-macosx_10_15_x86_64.whl", hash = "sha256:0b605b275d7bd0c640cad4e5d30fa701a8d59302e127e5f79138ad62762c3e3d", size = 21040391, upload-time = "2025-05-17T21:44:35.948Z" },
    { url = "https://files.pythonhosted.org/packages/17/f4/09b2fa1b58f0fb4f7c7963a1649c64c4d315752240377ed74d9cd878f7b5/numpy-2.2.6-pp310-pypy310_pp73-macosx_14_0_x86_64.whl", hash = "sha256:7befc596a7dc9da8a337f79802ee8adb30a552a94f792b9c9d18c840055907db", size = 6786754, upload-time = "2025-05-17T21:44:47.446Z" },
    { url = "https://files.pythonhosted.org/packages/af/30/feba75f143bdc868a1cc3f44ccfa6c4b9ec522b36458e738cd00f67b573f/numpy-2.2.6-pp310-pypy310_pp73-manylinux_2_17_x86_64.manylinux2014_x86_64.whl", hash = "sha256:ce47521a4754c8f4593837384bd3424880629f718d87c5d44f8ed763edd63543", size = 16643476, upload-time = "2025-05-17T21:45:11.871Z" },
    { url = "https://files.pythonhosted.org/packages/37/48/ac2a9584402fb6c0cd5b5d1a91dcf176b15760130dd386bbafdbfe3640bf/numpy-2.2.6-pp310-pypy310_pp73-win_amd64.whl", hash = "sha256:d042d24c90c41b54fd506da306759e06e568864df8ec17ccc17e9e884634fd00", size = 12812666, upload-time = "2025-05-17T21:45:31.426Z" },
]

[[package]]
name = "pathspec"
version = "0.12.1"
source = { registry = "https://pypi.org/simple" }
sdist = { url = "https://files.pythonhosted.org/packages/ca/bc/f35b8446f4531a7cb215605d100cd88b7ac6f44ab3fc94870c120ab3adbf/pathspec-0.12.1.tar.gz", hash = "sha256:a482d51503a1ab33b1c67a6c3813a26953dbdc71c31dacaef9a838c4e29f5712", size = 51043, upload-time = "2023-12-10T22:30:45Z" }
wheels = [
    { url = "https://files.pythonhosted.org/packages/cc/20/ff623b09d963f88bfde16306a54e12ee5ea43e9b597108672ff3a408aad6/pathspec-0.12.1-py3-none-any.whl", hash = "sha256:a0d503e138a4c123b27490a4f7beda6a01c6f288df0e4a8b79c7eb0dc7b4cc08", size = 31191, upload-time = "2023-12-10T22:30:43.14Z" },
]

[[package]]
name = "requests"
version = "2.32.5"
source = { registry = "https://pypi.org/simple" }
dependencies = [
    { name = "certifi", marker = "(platform_machine == 'arm64' and sys_platform == 'darwin') or (platform_machine == 'x86_64' and sys_platform == 'darwin') or (platform_machine == 'x86_64' and sys_platform == 'linux') or (platform_machine == 'AMD64' and sys_platform == 'win32')" },
    { name = "charset-normalizer", marker = "(platform_machine == 'arm64' and sys_platform == 'darwin') or (platform_machine == 'x86_64' and sys_platform == 'darwin') or (platform_machine == 'x86_64' and sys_platform == 'linux') or (platform_machine == 'AMD64' and sys_platform == 'win32')" },
    { name = "idna", marker = "(platform_machine == 'arm64' and sys_platform == 'darwin') or (platform_machine == 'x86_64' and sys_platform == 'darwin') or (platform_machine == 'x86_64' and sys_platform == 'linux') or (platform_machine == 'AMD64' and sys_platform == 'win32')" },
    { name = "urllib3", marker = "(platform_machine == 'arm64' and sys_platform == 'darwin') or (platform_machine == 'x86_64' and sys_platform == 'darwin') or (platform_machine == 'x86_64' and sys_platform == 'linux') or (platform_machine == 'AMD64' and sys_platform == 'win32')" },
]
sdist = { url = "https://files.pythonhosted.org/packages/c9/74/b3ff8e6c8446842c3f5c837e9c3dfcfe2018ea6ecef224c710c85ef728f4/requests-2.32.5.tar.gz", hash = "sha256:dbba0bac56e100853db0ea71b82b4dfd5fe2bf6d3754a8893c3af500cec7d7cf", size = 134517, upload-time = "2025-08-18T20:46:02.573Z" }
wheels = [
    { url = "https://files.pythonhosted.org/packages/1e/db/4254e3eabe8020b458f1a747140d32277ec7a271daf1d235b70dc0b4e6e3/requests-2.32.5-py3-none-any.whl", hash = "sha256:2462f94637a34fd532264295e186976db0f5d453d1cdd31473c85a6a161affb6", size = 64738, upload-time = "2025-08-18T20:46:00.542Z" },
]

[[package]]
name = "ruff"
version = "0.14.8"
source = { registry = "https://pypi.org/simple" }
sdist = { url = "https://files.pythonhosted.org/packages/ed/d9/f7a0c4b3a2bf2556cd5d99b05372c29980249ef71e8e32669ba77428c82c/ruff-0.14.8.tar.gz", hash = "sha256:774ed0dd87d6ce925e3b8496feb3a00ac564bea52b9feb551ecd17e0a23d1eed", size = 5765385, upload-time = "2025-12-04T15:06:17.669Z" }
wheels = [
    { url = "https://files.pythonhosted.org/packages/48/b8/9537b52010134b1d2b72870cc3f92d5fb759394094741b09ceccae183fbe/ruff-0.14.8-py3-none-linux_armv6l.whl", hash = "sha256:ec071e9c82eca417f6111fd39f7043acb53cd3fde9b1f95bbed745962e345afb", size = 13441540, upload-time = "2025-12-04T15:06:14.896Z" },
    { url = "https://files.pythonhosted.org/packages/24/00/99031684efb025829713682012b6dd37279b1f695ed1b01725f85fd94b38/ruff-0.14.8-py3-none-macosx_10_12_x86_64.whl", hash = "sha256:8cdb162a7159f4ca36ce980a18c43d8f036966e7f73f866ac8f493b75e0c27e9", size = 13669384, upload-time = "2025-12-04T15:06:51.809Z" },
    { url = "https://files.pythonhosted.org/packages/72/64/3eb5949169fc19c50c04f28ece2c189d3b6edd57e5b533649dae6ca484fe/ruff-0.14.8-py3-none-macosx_11_0_arm64.whl", hash = "sha256:2e2fcbefe91f9fad0916850edf0854530c15bd1926b6b779de47e9ab619ea38f", size = 12806917, upload-time = "2025-12-04T15:06:08.925Z" },
    { url = "https://files.pythonhosted.org/packages/c4/08/5250babb0b1b11910f470370ec0cbc67470231f7cdc033cee57d4976f941/ruff-0.14.8-py3-none-manylinux_2_17_aarch64.manylinux2014_aarch64.whl", hash = "sha256:a9d70721066a296f45786ec31916dc287b44040f553da21564de0ab4d45a869b", size = 13256112, upload-time = "2025-12-04T15:06:23.498Z" },
    { url = "https://files.pythonhosted.org/packages/78/4c/6c588e97a8e8c2d4b522c31a579e1df2b4d003eddfbe23d1f262b1a431ff/ruff-0.14.8-py3-none-manylinux_2_17_armv7l.manylinux2014_armv7l.whl", hash = "sha256:2c87e09b3cd9d126fc67a9ecd3b5b1d3ded2b9c7fce3f16e315346b9d05cfb52", size = 13227559, upload-time = "2025-12-04T15:06:33.432Z" },
    { url = "https://files.pythonhosted.org/packages/23/ce/5f78cea13eda8eceac71b5f6fa6e9223df9b87bb2c1891c166d1f0dce9f1/ruff-0.14.8-py3-none-manylinux_2_17_i686.manylinux2014_i686.whl", hash = "sha256:1d62cb310c4fbcb9ee4ac023fe17f984ae1e12b8a4a02e3d21489f9a2a5f730c", size = 13896379, upload-time = "2025-12-04T15:06:02.687Z" },
    { url = "https://files.pythonhosted.org/packages/cf/79/13de4517c4dadce9218a20035b21212a4c180e009507731f0d3b3f5df85a/ruff-0.14.8-py3-none-manylinux_2_17_ppc64.manylinux2014_ppc64.whl", hash = "sha256:1af35c2d62633d4da0521178e8a2641c636d2a7153da0bac1b30cfd4ccd91344", size = 15372786, upload-time = "2025-12-04T15:06:29.828Z" },
    { url = "https://files.pythonhosted.org/packages/00/06/33df72b3bb42be8a1c3815fd4fae83fa2945fc725a25d87ba3e42d1cc108/ruff-0.14.8-py3-none-manylinux_2_17_ppc64le.manylinux2014_ppc64le.whl", hash = "sha256:25add4575ffecc53d60eed3f24b1e934493631b48ebbc6ebaf9d8517924aca4b", size = 14990029, upload-time = "2025-12-04T15:06:36.812Z" },
    { url = "https://files.pythonhosted.org/packages/64/61/0f34927bd90925880394de0e081ce1afab66d7b3525336f5771dcf0cb46c/ruff-0.14.8-py3-none-manylinux_2_17_s390x.manylinux2014_s390x.whl", hash = "sha256:4c943d847b7f02f7db4201a0600ea7d244d8a404fbb639b439e987edcf2baf9a", size = 14407037, upload-time = "2025-12-04T15:06:39.979Z" },
    { url = "https://files.pythonhosted.org/packages/96/bc/058fe0aefc0fbf0d19614cb6d1a3e2c048f7dc77ca64957f33b12cfdc5ef/ruff-0.14.8-py3-none-manylinux_2_17_x86_64.manylinux2014_x86_64.whl", hash = "sha256:cb6e8bf7b4f627548daa1b69283dac5a296bfe9ce856703b03130732e20ddfe2", size = 14102390, upload-time = "2025-12-04T15:06:46.372Z" },
    { url = "https://files.pythonhosted.org/packages/af/a4/e4f77b02b804546f4c17e8b37a524c27012dd6ff05855d2243b49a7d3cb9/ruff-0.14.8-py3-none-manylinux_2_31_riscv64.whl", hash = "sha256:7aaf2974f378e6b01d1e257c6948207aec6a9b5ba53fab23d0182efb887a0e4a", size = 14230793, upload-time = "2025-12-04T15:06:20.497Z" },
    { url = "https://files.pythonhosted.org/packages/3f/52/bb8c02373f79552e8d087cedaffad76b8892033d2876c2498a2582f09dcf/ruff-0.14.8-py3-none-musllinux_1_2_aarch64.whl", hash = "sha256:e5758ca513c43ad8a4ef13f0f081f80f08008f410790f3611a21a92421ab045b", size = 13160039, upload-time = "2025-12-04T15:06:49.06Z" },
    { url = "https://files.pythonhosted.org/packages/1f/ad/b69d6962e477842e25c0b11622548df746290cc6d76f9e0f4ed7456c2c31/ruff-0.14.8-py3-none-musllinux_1_2_armv7l.whl", hash = "sha256:f74f7ba163b6e85a8d81a590363bf71618847e5078d90827749bfda1d88c9cdf", size = 13205158, upload-time = "2025-12-04T15:06:54.574Z" },
    { url = "https://files.pythonhosted.org/packages/06/63/54f23da1315c0b3dfc1bc03fbc34e10378918a20c0b0f086418734e57e74/ruff-0.14.8-py3-none-musllinux_1_2_i686.whl", hash = "sha256:eed28f6fafcc9591994c42254f5a5c5ca40e69a30721d2ab18bb0bb3baac3ab6", size = 13469550, upload-time = "2025-12-04T15:05:59.209Z" },
    { url = "https://files.pythonhosted.org/packages/70/7d/a4d7b1961e4903bc37fffb7ddcfaa7beb250f67d97cfd1ee1d5cddb1ec90/ruff-0.14.8-py3-none-musllinux_1_2_x86_64.whl", hash = "sha256:21d48fa744c9d1cb8d71eb0a740c4dd02751a5de9db9a730a8ef75ca34cf138e", size = 14211332, upload-time = "2025-12-04T15:06:06.027Z" },
    { url = "https://files.pythonhosted.org/packages/5d/93/2a5063341fa17054e5c86582136e9895db773e3c2ffb770dde50a09f35f0/ruff-0.14.8-py3-none-win32.whl", hash = "sha256:15f04cb45c051159baebb0f0037f404f1dc2f15a927418f29730f411a79bc4e7", size = 13151890, upload-time = "2025-12-04T15:06:11.668Z" },
    { url = "https://files.pythonhosted.org/packages/02/1c/65c61a0859c0add13a3e1cbb6024b42de587456a43006ca2d4fd3d1618fe/ruff-0.14.8-py3-none-win_amd64.whl", hash = "sha256:9eeb0b24242b5bbff3011409a739929f497f3fb5fe3b5698aba5e77e8c833097", size = 14537826, upload-time = "2025-12-04T15:06:26.409Z" },
    { url = "https://files.pythonhosted.org/packages/6d/63/8b41cea3afd7f58eb64ac9251668ee0073789a3bc9ac6f816c8c6fef986d/ruff-0.14.8-py3-none-win_arm64.whl", hash = "sha256:965a582c93c63fe715fd3e3f8aa37c4b776777203d8e1d8aa3cc0c14424a4b99", size = 13634522, upload-time = "2025-12-04T15:06:43.212Z" },
]

[[package]]
name = "shadow-manipulation-lab"
version = "1.21.0"
source = { editable = "." }
dependencies = [
    { name = "bpy", marker = "(platform_machine == 'arm64' and sys_platform == 'darwin') or (platform_machine == 'x86_64' and sys_platform == 'darwin') or (platform_machine == 'x86_64' and sys_platform == 'linux') or (platform_machine == 'AMD64' and sys_platform == 'win32')" },
]

[package.dev-dependencies]
dev = [
    { name = "codespell" },
    { name = "mypy" },
    { name = "ruff" },
    { name = "starry-bpy-typings" },
]

[package.metadata]
requires-dist = [
    { name = "bpy", marker = "platform_machine == 'arm64' and sys_platform == 'darwin'", specifier = "==3.6.*", index = "https://download.blender.org/pypi/" },
    { name = "bpy", marker = "platform_machine == 'x86_64' and sys_platform == 'darwin'", specifier = "==3.6.*", index = "https://download.blender.org/pypi/" },
    { name = "bpy", marker = "platform_machine == 'x86_64' and sys_platform == 'linux'", specifier = "==3.6.*", index = "https://download.blender.org/pypi/" },
    { name = "bpy", marker = "platform_machine == 'AMD64' and sys_platform == 'win32'", specifier = "==3.6.*", index = "https://download.blender.org/pypi/" },
]

[package.metadata.requires-dev]
dev = [
    { name = "codespell" },
    { name = "mypy" },
    { name = "ruff" },
    { name = "starry-bpy-typings", git = "https://github.com/saturday06/VRM-Addon-for-Blender?subdirectory=typings&branch=main" },
]

[[package]]
name = "starry-bpy-typings"
version = "3.17.0"
source = { git = "https://github.com/saturday06/VRM-Addon-for-Blender?subdirectory=typings&branch=main#a40810ff411164016aed60311fb881ff888e2197" }

[[package]]
name = "tomli"
version = "2.3.0"
source = { registry = "https://pypi.org/simple" }
sdist = { url = "https://files.pythonhosted.org/packages/52/ed/3f73f72945444548f33eba9a87fc7a6e969915e7b1acc8260b30e1f76a2f/tomli-2.3.0.tar.gz", hash = "sha256:64be704a875d2a59753d80ee8a533c3fe183e3f06807ff7dc2232938ccb01549", size = 17392, upload-time = "2025-10-08T22:01:47.119Z" }
wheels = [
    { url = "https://files.pythonhosted.org/packages/77/b8/0135fadc89e73be292b473cb820b4f5a08197779206b33191e801feeae40/tomli-2.3.0-py3-none-any.whl", hash = "sha256:e95b1af3c5b07d9e643909b5abbec77cd9f1217e6d0bca72b0234736b9fb1f1b", size = 14408, upload-time = "2025-10-08T22:01:46.04Z" },
]

[[package]]
name = "typing-extensions"
version = "4.15.0"
source = { registry = "https://pypi.org/simple" }
sdist = { url = "https://files.pythonhosted.org/packages/72/94/1a15dd82efb362ac84269196e94cf00f187f7ed21c242792a923cdb1c61f/typing_extensions-4.15.0.tar.gz", hash = "sha256:0cea48d173cc12fa28ecabc3b837ea3cf6f38c6d1136f85cbaaf598984861466", size = 109391, upload-time = "2025-08-25T13:49:26.313Z" }
wheels = [
    { url = "https://files.pythonhosted.org/packages/18/67/36e9267722cc04a6b9f15c7f3441c2363321a3ea07da7ae0c0707beb2a9c/typing_extensions-4.15.0-py3-none-any.whl", hash = "sha256:f0fa19c6845758ab08074a0cfa8b7aecb71c999ca73d62883bc25cc018c4e548", size = 44614, upload-time = "2025-08-25T13:49:24.86Z" },
]

[[package]]
name = "urllib3"
version = "2.6.0"
source = { registry = "https://pypi.org/simple" }
sdist = { url = "https://files.pythonhosted.org/packages/1c/43/554c2569b62f49350597348fc3ac70f786e3c32e7f19d266e19817812dd3/urllib3-2.6.0.tar.gz", hash = "sha256:cb9bcef5a4b345d5da5d145dc3e30834f58e8018828cbc724d30b4cb7d4d49f1", size = 432585, upload-time = "2025-12-05T15:08:47.885Z" }
wheels = [
    { url = "https://files.pythonhosted.org/packages/56/1a/9ffe814d317c5224166b23e7c47f606d6e473712a2fad0f704ea9b99f246/urllib3-2.6.0-py3-none-any.whl", hash = "sha256:c90f7a39f716c572c4e3e58509581ebd83f9b59cced005b7db7ad2d22b0db99f", size = 131083, upload-time = "2025-12-05T15:08:45.983Z" },
]

[[package]]
name = "zstandard"
version = "0.25.0"
source = { registry = "https://pypi.org/simple" }
sdist = { url = "https://files.pythonhosted.org/packages/fd/aa/3e0508d5a5dd96529cdc5a97011299056e14c6505b678fd58938792794b1/zstandard-0.25.0.tar.gz", hash = "sha256:7713e1179d162cf5c7906da876ec2ccb9c3a9dcbdffef0cc7f70c3667a205f0b", size = 711513, upload-time = "2025-09-14T22:15:54.002Z" }
wheels = [
    { url = "https://files.pythonhosted.org/packages/56/7a/28efd1d371f1acd037ac64ed1c5e2b41514a6cc937dd6ab6a13ab9f0702f/zstandard-0.25.0-cp310-cp310-macosx_10_9_x86_64.whl", hash = "sha256:e59fdc271772f6686e01e1b3b74537259800f57e24280be3f29c8a0deb1904dd", size = 795256, upload-time = "2025-09-14T22:15:56.415Z" },
    { url = "https://files.pythonhosted.org/packages/96/34/ef34ef77f1ee38fc8e4f9775217a613b452916e633c4f1d98f31db52c4a5/zstandard-0.25.0-cp310-cp310-macosx_11_0_arm64.whl", hash = "sha256:4d441506e9b372386a5271c64125f72d5df6d2a8e8a2a45a0ae09b03cb781ef7", size = 640565, upload-time = "2025-09-14T22:15:58.177Z" },
    { url = "https://files.pythonhosted.org/packages/e9/74/68341185a4f32b274e0fc3410d5ad0750497e1acc20bd0f5b5f64ce17785/zstandard-0.25.0-cp310-cp310-manylinux2014_ppc64le.manylinux_2_17_ppc64le.whl", hash = "sha256:78228d8a6a1c177a96b94f7e2e8d012c55f9c760761980da16ae7546a15a8e9b", size = 5402214, upload-time = "2025-09-14T22:16:04.109Z" },
    { url = "https://files.pythonhosted.org/packages/8b/67/f92e64e748fd6aaffe01e2b75a083c0c4fd27abe1c8747fee4555fcee7dd/zstandard-0.25.0-cp310-cp310-manylinux2014_s390x.manylinux_2_17_s390x.whl", hash = "sha256:2b6bd67528ee8b5c5f10255735abc21aa106931f0dbaf297c7be0c886353c3d0", size = 5449703, upload-time = "2025-09-14T22:16:06.312Z" },
    { url = "https://files.pythonhosted.org/packages/fd/e5/6d36f92a197c3c17729a2125e29c169f460538a7d939a27eaaa6dcfcba8e/zstandard-0.25.0-cp310-cp310-manylinux2014_x86_64.manylinux_2_17_x86_64.whl", hash = "sha256:4b6d83057e713ff235a12e73916b6d356e3084fd3d14ced499d84240f3eecee0", size = 5556583, upload-time = "2025-09-14T22:16:08.457Z" },
    { url = "https://files.pythonhosted.org/packages/b3/87/d3ee185e3d1aa0133399893697ae91f221fda79deb61adbe998a7235c43f/zstandard-0.25.0-cp310-cp310-musllinux_1_1_x86_64.whl", hash = "sha256:25f8f3cd45087d089aef5ba3848cd9efe3ad41163d3400862fb42f81a3a46701", size = 5572283, upload-time = "2025-09-14T22:16:12.128Z" },
    { url = "https://files.pythonhosted.org/packages/d1/a9/ee891e5edf33a6ebce0a028726f0bbd8567effe20fe3d5808c42323e8542/zstandard-0.25.0-cp310-cp310-musllinux_1_2_ppc64le.whl", hash = "sha256:a5a419712cf88862a45a23def0ae063686db3d324cec7edbe40509d1a79a0aab", size = 5440914, upload-time = "2025-09-14T22:16:18.453Z" },
    { url = "https://files.pythonhosted.org/packages/58/08/a8522c28c08031a9521f27abc6f78dbdee7312a7463dd2cfc658b813323b/zstandard-0.25.0-cp310-cp310-musllinux_1_2_s390x.whl", hash = "sha256:e7360eae90809efd19b886e59a09dad07da4ca9ba096752e61a2e03c8aca188e", size = 5819847, upload-time = "2025-09-14T22:16:20.559Z" },
    { url = "https://files.pythonhosted.org/packages/6f/11/4c91411805c3f7b6f31c60e78ce347ca48f6f16d552fc659af6ec3b73202/zstandard-0.25.0-cp310-cp310-musllinux_1_2_x86_64.whl", hash = "sha256:75ffc32a569fb049499e63ce68c743155477610532da1eb38e7f24bf7cd29e74", size = 5363131, upload-time = "2025-09-14T22:16:22.206Z" },
    { url = "https://files.pythonhosted.org/packages/93/90/96d50ad417a8ace5f841b3228e93d1bb13e6ad356737f42e2dde30d8bd68/zstandard-0.25.0-cp310-cp310-win_amd64.whl", hash = "sha256:ea9d54cc3d8064260114a0bbf3479fc4a98b21dffc89b3459edd506b69262f6e", size = 506100, upload-time = "2025-09-14T22:16:23.569Z" },
]
